
Microsoft Visual Studio Solution File, Format Version 12.00
# Visual Studio Version 16
VisualStudioVersion = 16.0.28729.10
MinimumVisualStudioVersion = 10.0.40219.1
Project("{9A19103F-16F7-4668-BE54-9A1E7A4F7556}") = "MyCollection", "MyCollection\MyCollection.csproj", "{6B29FF7E-0B57-4924-B015-564658E195F1}"
EndProject
Project("{9A19103F-16F7-4668-BE54-9A1E7A4F7556}") = "DAL", "DAL\DAL.csproj", "{71887F9A-B477-447D-96F5-21ACC1795533}"
EndProject
Project("{9A19103F-16F7-4668-BE54-9A1E7A4F7556}") = "BLL", "BLL\BLL.csproj", "{4D19A068-417A-45D6-83E6-45EAECA3FD57}"
EndProject
Project("{9A19103F-16F7-4668-BE54-9A1E7A4F7556}") = "Common", "Common\Common.csproj", "{5EAD08C1-1A26-4A42-ACAF-5F4FAD0A2480}"
EndProject
Project("{9A19103F-16F7-4668-BE54-9A1E7A4F7556}") = "BLL.Tests", "BLL.Tests\BLL.Tests.csproj", "{AA7C0E3E-B1C2-4BC3-8776-D370BD964CCE}"
EndProject
Global
	GlobalSection(SolutionConfigurationPlatforms) = preSolution
		Debug|Any CPU = Debug|Any CPU
		Release|Any CPU = Release|Any CPU
	EndGlobalSection
	GlobalSection(ProjectConfigurationPlatforms) = postSolution
		{6B29FF7E-0B57-4924-B015-564658E195F1}.Debug|Any CPU.ActiveCfg = Debug|Any CPU
		{6B29FF7E-0B57-4924-B015-564658E195F1}.Debug|Any CPU.Build.0 = Debug|Any CPU
		{6B29FF7E-0B57-4924-B015-564658E195F1}.Release|Any CPU.ActiveCfg = Release|Any CPU
		{6B29FF7E-0B57-4924-B015-564658E195F1}.Release|Any CPU.Build.0 = Release|Any CPU
		{71887F9A-B477-447D-96F5-21ACC1795533}.Debug|Any CPU.ActiveCfg = Debug|Any CPU
		{71887F9A-B477-447D-96F5-21ACC1795533}.Debug|Any CPU.Build.0 = Debug|Any CPU
		{71887F9A-B477-447D-96F5-21ACC1795533}.Release|Any CPU.ActiveCfg = Release|Any CPU
		{71887F9A-B477-447D-96F5-21ACC1795533}.Release|Any CPU.Build.0 = Release|Any CPU
		{4D19A068-417A-45D6-83E6-45EAECA3FD57}.Debug|Any CPU.ActiveCfg = Debug|Any CPU
		{4D19A068-417A-45D6-83E6-45EAECA3FD57}.Debug|Any CPU.Build.0 = Debug|Any CPU
		{4D19A068-417A-45D6-83E6-45EAECA3FD57}.Release|Any CPU.ActiveCfg = Release|Any CPU
		{4D19A068-417A-45D6-83E6-45EAECA3FD57}.Release|Any CPU.Build.0 = Release|Any CPU
		{5EAD08C1-1A26-4A42-ACAF-5F4FAD0A2480}.Debug|Any CPU.ActiveCfg = Debug|Any CPU
		{5EAD08C1-1A26-4A42-ACAF-5F4FAD0A2480}.Debug|Any CPU.Build.0 = Debug|Any CPU
		{5EAD08C1-1A26-4A42-ACAF-5F4FAD0A2480}.Release|Any CPU.ActiveCfg = Release|Any CPU
		{5EAD08C1-1A26-4A42-ACAF-5F4FAD0A2480}.Release|Any CPU.Build.0 = Release|Any CPU
		{AA7C0E3E-B1C2-4BC3-8776-D370BD964CCE}.Debug|Any CPU.ActiveCfg = Debug|Any CPU
		{AA7C0E3E-B1C2-4BC3-8776-D370BD964CCE}.Debug|Any CPU.Build.0 = Debug|Any CPU
		{AA7C0E3E-B1C2-4BC3-8776-D370BD964CCE}.Release|Any CPU.ActiveCfg = Release|Any CPU
		{AA7C0E3E-B1C2-4BC3-8776-D370BD964CCE}.Release|Any CPU.Build.0 = Release|Any CPU
	EndGlobalSection
	GlobalSection(SolutionProperties) = preSolution
		HideSolutionNode = FALSE
	EndGlobalSection
	GlobalSection(ExtensibilityGlobals) = postSolution
		SolutionGuid = {C88D22A3-CBEF-4090-B119-575F2EDC8B6B}
	EndGlobalSection
EndGlobal
